// !$*UTF8*$!
{
	archiveVersion = 1;
	classes = {
	};
	objectVersion = 56;
	objects = {

/* Begin PBXBuildFile section */
		133790CF29DCC9D100D5F30E /* Roboto-Light.ttf in Resources */ = {isa = PBXBuildFile; fileRef = 133790CE29DCC9D000D5F30E /* Roboto-Light.ttf */; };
		133790D129DCCF6E00D5F30E /* TimeFormatter.swift in Sources */ = {isa = PBXBuildFile; fileRef = 133790D029DCCF6E00D5F30E /* TimeFormatter.swift */; };
		1383CD4329D79F2B00D60C66 /* League.swift in Sources */ = {isa = PBXBuildFile; fileRef = 1383CD4229D79F2B00D60C66 /* League.swift */; };
		138A42EF29D9EB0C004E7631 /* Team.swift in Sources */ = {isa = PBXBuildFile; fileRef = 138A42EE29D9EB0C004E7631 /* Team.swift */; };
		138A42F129D9EB92004E7631 /* Player.swift in Sources */ = {isa = PBXBuildFile; fileRef = 138A42F029D9EB92004E7631 /* Player.swift */; };
		13B03C1929D85F900096ECD3 /* Opponents.swift in Sources */ = {isa = PBXBuildFile; fileRef = 13B03C1829D85F900096ECD3 /* Opponents.swift */; };
		13B03C1B29D863170096ECD3 /* Serie.swift in Sources */ = {isa = PBXBuildFile; fileRef = 13B03C1A29D863170096ECD3 /* Serie.swift */; };
		13B03C1D29D867500096ECD3 /* Match.swift in Sources */ = {isa = PBXBuildFile; fileRef = 13B03C1C29D8674F0096ECD3 /* Match.swift */; };
		13B03C2629D8A71F0096ECD3 /* RoundedCorner.swift in Sources */ = {isa = PBXBuildFile; fileRef = 13B03C2529D8A71F0096ECD3 /* RoundedCorner.swift */; };
		13E14AC929DBC6E400D96760 /* ColorExtension.swift in Sources */ = {isa = PBXBuildFile; fileRef = 13E14AC829DBC6E400D96760 /* ColorExtension.swift */; };
		13E14ACD29DBD1E300D96760 /* Roboto-Regular.ttf in Resources */ = {isa = PBXBuildFile; fileRef = 13E14ACA29DBD1E200D96760 /* Roboto-Regular.ttf */; };
		13E14ACE29DBD1E300D96760 /* Roboto-Bold.ttf in Resources */ = {isa = PBXBuildFile; fileRef = 13E14ACB29DBD1E300D96760 /* Roboto-Bold.ttf */; };
		13E14ACF29DBD1E300D96760 /* Roboto-Medium.ttf in Resources */ = {isa = PBXBuildFile; fileRef = 13E14ACC29DBD1E300D96760 /* Roboto-Medium.ttf */; };
		13E14AD229DBD2AF00D96760 /* FontExtension.swift in Sources */ = {isa = PBXBuildFile; fileRef = 13E14AD129DBD2AF00D96760 /* FontExtension.swift */; };
		13F315DF29D78908003770BD /* CSTVApp.swift in Sources */ = {isa = PBXBuildFile; fileRef = 13F315DE29D78908003770BD /* CSTVApp.swift */; };
		13F315E129D78908003770BD /* ContentView.swift in Sources */ = {isa = PBXBuildFile; fileRef = 13F315E029D78908003770BD /* ContentView.swift */; };
		13F315E329D7890D003770BD /* Assets.xcassets in Resources */ = {isa = PBXBuildFile; fileRef = 13F315E229D7890D003770BD /* Assets.xcassets */; };
		13F315E629D7890D003770BD /* Preview Assets.xcassets in Resources */ = {isa = PBXBuildFile; fileRef = 13F315E529D7890D003770BD /* Preview Assets.xcassets */; };
		13F315ED29D78F79003770BD /* Game.swift in Sources */ = {isa = PBXBuildFile; fileRef = 13F315EC29D78F79003770BD /* Game.swift */; };
/* End PBXBuildFile section */

/* Begin PBXFileReference section */
		133790CE29DCC9D000D5F30E /* Roboto-Light.ttf */ = {isa = PBXFileReference; lastKnownFileType = file; path = "Roboto-Light.ttf"; sourceTree = "<group>"; };
		133790D029DCCF6E00D5F30E /* TimeFormatter.swift */ = {isa = PBXFileReference; lastKnownFileType = sourcecode.swift; path = TimeFormatter.swift; sourceTree = "<group>"; };
		1383CD4229D79F2B00D60C66 /* League.swift */ = {isa = PBXFileReference; lastKnownFileType = sourcecode.swift; path = League.swift; sourceTree = "<group>"; };
		138A42EE29D9EB0C004E7631 /* Team.swift */ = {isa = PBXFileReference; lastKnownFileType = sourcecode.swift; path = Team.swift; sourceTree = "<group>"; };
		138A42F029D9EB92004E7631 /* Player.swift */ = {isa = PBXFileReference; lastKnownFileType = sourcecode.swift; path = Player.swift; sourceTree = "<group>"; };
		13B03C1829D85F900096ECD3 /* Opponents.swift */ = {isa = PBXFileReference; lastKnownFileType = sourcecode.swift; path = Opponents.swift; sourceTree = "<group>"; };
		13B03C1A29D863170096ECD3 /* Serie.swift */ = {isa = PBXFileReference; lastKnownFileType = sourcecode.swift; path = Serie.swift; sourceTree = "<group>"; };
		13B03C1C29D8674F0096ECD3 /* Match.swift */ = {isa = PBXFileReference; lastKnownFileType = sourcecode.swift; path = Match.swift; sourceTree = "<group>"; };
		13B03C2529D8A71F0096ECD3 /* RoundedCorner.swift */ = {isa = PBXFileReference; lastKnownFileType = sourcecode.swift; path = RoundedCorner.swift; sourceTree = "<group>"; };
		13E14AC729DBC4D900D96760 /* Info.plist */ = {isa = PBXFileReference; lastKnownFileType = text.plist; path = Info.plist; sourceTree = "<group>"; };
		13E14AC829DBC6E400D96760 /* ColorExtension.swift */ = {isa = PBXFileReference; lastKnownFileType = sourcecode.swift; path = ColorExtension.swift; sourceTree = "<group>"; };
		13E14ACA29DBD1E200D96760 /* Roboto-Regular.ttf */ = {isa = PBXFileReference; lastKnownFileType = file; path = "Roboto-Regular.ttf"; sourceTree = "<group>"; };
		13E14ACB29DBD1E300D96760 /* Roboto-Bold.ttf */ = {isa = PBXFileReference; lastKnownFileType = file; path = "Roboto-Bold.ttf"; sourceTree = "<group>"; };
		13E14ACC29DBD1E300D96760 /* Roboto-Medium.ttf */ = {isa = PBXFileReference; lastKnownFileType = file; path = "Roboto-Medium.ttf"; sourceTree = "<group>"; };
		13E14AD129DBD2AF00D96760 /* FontExtension.swift */ = {isa = PBXFileReference; lastKnownFileType = sourcecode.swift; path = FontExtension.swift; sourceTree = "<group>"; };
		13F315DB29D78908003770BD /* CSTV.app */ = {isa = PBXFileReference; explicitFileType = wrapper.application; includeInIndex = 0; path = CSTV.app; sourceTree = BUILT_PRODUCTS_DIR; };
		13F315DE29D78908003770BD /* CSTVApp.swift */ = {isa = PBXFileReference; lastKnownFileType = sourcecode.swift; path = CSTVApp.swift; sourceTree = "<group>"; };
		13F315E029D78908003770BD /* ContentView.swift */ = {isa = PBXFileReference; lastKnownFileType = sourcecode.swift; path = ContentView.swift; sourceTree = "<group>"; };
		13F315E229D7890D003770BD /* Assets.xcassets */ = {isa = PBXFileReference; lastKnownFileType = folder.assetcatalog; path = Assets.xcassets; sourceTree = "<group>"; };
		13F315E529D7890D003770BD /* Preview Assets.xcassets */ = {isa = PBXFileReference; lastKnownFileType = folder.assetcatalog; path = "Preview Assets.xcassets"; sourceTree = "<group>"; };
		13F315EC29D78F79003770BD /* Game.swift */ = {isa = PBXFileReference; lastKnownFileType = sourcecode.swift; path = Game.swift; sourceTree = "<group>"; };
/* End PBXFileReference section */

/* Begin PBXFrameworksBuildPhase section */
		13F315D829D78908003770BD /* Frameworks */ = {
			isa = PBXFrameworksBuildPhase;
			buildActionMask = 2147483647;
			files = (
			);
			runOnlyForDeploymentPostprocessing = 0;
		};
/* End PBXFrameworksBuildPhase section */

/* Begin PBXGroup section */
		13B03C2429D8A6DB0096ECD3 /* Utils */ = {
			isa = PBXGroup;
			children = (
				13B03C2529D8A71F0096ECD3 /* RoundedCorner.swift */,
				13E14AC829DBC6E400D96760 /* ColorExtension.swift */,
				13E14AD129DBD2AF00D96760 /* FontExtension.swift */,
				133790D029DCCF6E00D5F30E /* TimeFormatter.swift */,
			);
			path = Utils;
			sourceTree = "<group>";
		};
		13E14AD029DBD1ED00D96760 /* fonts */ = {
			isa = PBXGroup;
			children = (
				13E14ACB29DBD1E300D96760 /* Roboto-Bold.ttf */,
				13E14ACC29DBD1E300D96760 /* Roboto-Medium.ttf */,
				13E14ACA29DBD1E200D96760 /* Roboto-Regular.ttf */,
				133790CE29DCC9D000D5F30E /* Roboto-Light.ttf */,
			);
			path = fonts;
			sourceTree = "<group>";
		};
		13F315D229D78907003770BD = {
			isa = PBXGroup;
			children = (
				13F315DD29D78908003770BD /* CSTV */,
				13F315DC29D78908003770BD /* Products */,
			);
			sourceTree = "<group>";
		};
		13F315DC29D78908003770BD /* Products */ = {
			isa = PBXGroup;
			children = (
				13F315DB29D78908003770BD /* CSTV.app */,
			);
			name = Products;
			sourceTree = "<group>";
		};
		13F315DD29D78908003770BD /* CSTV */ = {
			isa = PBXGroup;
			children = (
				13E14AC729DBC4D900D96760 /* Info.plist */,
				13F315DE29D78908003770BD /* CSTVApp.swift */,
				13E14AD029DBD1ED00D96760 /* fonts */,
				13B03C2429D8A6DB0096ECD3 /* Utils */,
				13F315EE29D79D9D003770BD /* Models */,
				13F315E029D78908003770BD /* ContentView.swift */,
				13F315E229D7890D003770BD /* Assets.xcassets */,
				13F315E429D7890D003770BD /* Preview Content */,
			);
			path = CSTV;
			sourceTree = "<group>";
		};
		13F315E429D7890D003770BD /* Preview Content */ = {
			isa = PBXGroup;
			children = (
				13F315E529D7890D003770BD /* Preview Assets.xcassets */,
			);
			path = "Preview Content";
			sourceTree = "<group>";
		};
		13F315EE29D79D9D003770BD /* Models */ = {
			isa = PBXGroup;
			children = (
				13F315EC29D78F79003770BD /* Game.swift */,
				1383CD4229D79F2B00D60C66 /* League.swift */,
				13B03C1C29D8674F0096ECD3 /* Match.swift */,
				13B03C1829D85F900096ECD3 /* Opponents.swift */,
				138A42F029D9EB92004E7631 /* Player.swift */,
				13B03C1A29D863170096ECD3 /* Serie.swift */,
				138A42EE29D9EB0C004E7631 /* Team.swift */,
			);
			path = Models;
			sourceTree = "<group>";
		};
/* End PBXGroup section */

/* Begin PBXNativeTarget section */
		13F315DA29D78908003770BD /* CSTV */ = {
			isa = PBXNativeTarget;
			buildConfigurationList = 13F315E929D7890D003770BD /* Build configuration list for PBXNativeTarget "CSTV" */;
			buildPhases = (
				13F315D729D78908003770BD /* Sources */,
				13F315D829D78908003770BD /* Frameworks */,
				13F315D929D78908003770BD /* Resources */,
			);
			buildRules = (
			);
			dependencies = (
			);
			name = CSTV;
			productName = CSTV;
			productReference = 13F315DB29D78908003770BD /* CSTV.app */;
			productType = "com.apple.product-type.application";
		};
/* End PBXNativeTarget section */

/* Begin PBXProject section */
		13F315D329D78907003770BD /* Project object */ = {
			isa = PBXProject;
			attributes = {
				BuildIndependentTargetsInParallel = 1;
				LastSwiftUpdateCheck = 1400;
				LastUpgradeCheck = 1400;
				TargetAttributes = {
					13F315DA29D78908003770BD = {
						CreatedOnToolsVersion = 14.0.1;
					};
				};
			};
			buildConfigurationList = 13F315D629D78907003770BD /* Build configuration list for PBXProject "CSTV" */;
			compatibilityVersion = "Xcode 14.0";
			developmentRegion = en;
			hasScannedForEncodings = 0;
			knownRegions = (
				en,
				Base,
			);
			mainGroup = 13F315D229D78907003770BD;
			productRefGroup = 13F315DC29D78908003770BD /* Products */;
			projectDirPath = "";
			projectRoot = "";
			targets = (
				13F315DA29D78908003770BD /* CSTV */,
			);
		};
/* End PBXProject section */

/* Begin PBXResourcesBuildPhase section */
		13F315D929D78908003770BD /* Resources */ = {
			isa = PBXResourcesBuildPhase;
			buildActionMask = 2147483647;
			files = (
				13E14ACF29DBD1E300D96760 /* Roboto-Medium.ttf in Resources */,
				13E14ACD29DBD1E300D96760 /* Roboto-Regular.ttf in Resources */,
				133790CF29DCC9D100D5F30E /* Roboto-Light.ttf in Resources */,
				13F315E629D7890D003770BD /* Preview Assets.xcassets in Resources */,
				13E14ACE29DBD1E300D96760 /* Roboto-Bold.ttf in Resources */,
				13F315E329D7890D003770BD /* Assets.xcassets in Resources */,
			);
			runOnlyForDeploymentPostprocessing = 0;
		};
/* End PBXResourcesBuildPhase section */

/* Begin PBXSourcesBuildPhase section */
		13F315D729D78908003770BD /* Sources */ = {
			isa = PBXSourcesBuildPhase;
			buildActionMask = 2147483647;
			files = (
				138A42EF29D9EB0C004E7631 /* Team.swift in Sources */,
				13F315E129D78908003770BD /* ContentView.swift in Sources */,
				13B03C1D29D867500096ECD3 /* Match.swift in Sources */,
				13B03C2629D8A71F0096ECD3 /* RoundedCorner.swift in Sources */,
				13F315ED29D78F79003770BD /* Game.swift in Sources */,
				138A42F129D9EB92004E7631 /* Player.swift in Sources */,
				13B03C1B29D863170096ECD3 /* Serie.swift in Sources */,
				13E14AD229DBD2AF00D96760 /* FontExtension.swift in Sources */,
				13B03C1929D85F900096ECD3 /* Opponents.swift in Sources */,
				1383CD4329D79F2B00D60C66 /* League.swift in Sources */,
				133790D129DCCF6E00D5F30E /* TimeFormatter.swift in Sources */,
				13F315DF29D78908003770BD /* CSTVApp.swift in Sources */,
				13E14AC929DBC6E400D96760 /* ColorExtension.swift in Sources */,
			);
			runOnlyForDeploymentPostprocessing = 0;
		};
/* End PBXSourcesBuildPhase section */

/* Begin XCBuildConfiguration section */
		13F315E729D7890D003770BD /* Debug */ = {
			isa = XCBuildConfiguration;
			buildSettings = {
				ALWAYS_SEARCH_USER_PATHS = NO;
				CLANG_ANALYZER_NONNULL = YES;
				CLANG_ANALYZER_NUMBER_OBJECT_CONVERSION = YES_AGGRESSIVE;
				CLANG_CXX_LANGUAGE_STANDARD = "gnu++20";
				CLANG_ENABLE_MODULES = YES;
				CLANG_ENABLE_OBJC_ARC = YES;
				CLANG_ENABLE_OBJC_WEAK = YES;
				CLANG_WARN_BLOCK_CAPTURE_AUTORELEASING = YES;
				CLANG_WARN_BOOL_CONVERSION = YES;
				CLANG_WARN_COMMA = YES;
				CLANG_WARN_CONSTANT_CONVERSION = YES;
				CLANG_WARN_DEPRECATED_OBJC_IMPLEMENTATIONS = YES;
				CLANG_WARN_DIRECT_OBJC_ISA_USAGE = YES_ERROR;
				CLANG_WARN_DOCUMENTATION_COMMENTS = YES;
				CLANG_WARN_EMPTY_BODY = YES;
				CLANG_WARN_ENUM_CONVERSION = YES;
				CLANG_WARN_INFINITE_RECURSION = YES;
				CLANG_WARN_INT_CONVERSION = YES;
				CLANG_WARN_NON_LITERAL_NULL_CONVERSION = YES;
				CLANG_WARN_OBJC_IMPLICIT_RETAIN_SELF = YES;
				CLANG_WARN_OBJC_LITERAL_CONVERSION = YES;
				CLANG_WARN_OBJC_ROOT_CLASS = YES_ERROR;
				CLANG_WARN_QUOTED_INCLUDE_IN_FRAMEWORK_HEADER = YES;
				CLANG_WARN_RANGE_LOOP_ANALYSIS = YES;
				CLANG_WARN_STRICT_PROTOTYPES = YES;
				CLANG_WARN_SUSPICIOUS_MOVE = YES;
				CLANG_WARN_UNGUARDED_AVAILABILITY = YES_AGGRESSIVE;
				CLANG_WARN_UNREACHABLE_CODE = YES;
				CLANG_WARN__DUPLICATE_METHOD_MATCH = YES;
				COPY_PHASE_STRIP = NO;
				DEBUG_INFORMATION_FORMAT = dwarf;
				ENABLE_STRICT_OBJC_MSGSEND = YES;
				ENABLE_TESTABILITY = YES;
				GCC_C_LANGUAGE_STANDARD = gnu11;
				GCC_DYNAMIC_NO_PIC = NO;
				GCC_NO_COMMON_BLOCKS = YES;
				GCC_OPTIMIZATION_LEVEL = 0;
				GCC_PREPROCESSOR_DEFINITIONS = (
					"DEBUG=1",
					"$(inherited)",
				);
				GCC_WARN_64_TO_32_BIT_CONVERSION = YES;
				GCC_WARN_ABOUT_RETURN_TYPE = YES_ERROR;
				GCC_WARN_UNDECLARED_SELECTOR = YES;
				GCC_WARN_UNINITIALIZED_AUTOS = YES_AGGRESSIVE;
				GCC_WARN_UNUSED_FUNCTION = YES;
				GCC_WARN_UNUSED_VARIABLE = YES;
				IPHONEOS_DEPLOYMENT_TARGET = 16.0;
				MTL_ENABLE_DEBUG_INFO = INCLUDE_SOURCE;
				MTL_FAST_MATH = YES;
				ONLY_ACTIVE_ARCH = YES;
				SDKROOT = iphoneos;
				SWIFT_ACTIVE_COMPILATION_CONDITIONS = DEBUG;
				SWIFT_OPTIMIZATION_LEVEL = "-Onone";
			};
			name = Debug;
		};
		13F315E829D7890D003770BD /* Release */ = {
			isa = XCBuildConfiguration;
			buildSettings = {
				ALWAYS_SEARCH_USER_PATHS = NO;
				CLANG_ANALYZER_NONNULL = YES;
				CLANG_ANALYZER_NUMBER_OBJECT_CONVERSION = YES_AGGRESSIVE;
				CLANG_CXX_LANGUAGE_STANDARD = "gnu++20";
				CLANG_ENABLE_MODULES = YES;
				CLANG_ENABLE_OBJC_ARC = YES;
				CLANG_ENABLE_OBJC_WEAK = YES;
				CLANG_WARN_BLOCK_CAPTURE_AUTORELEASING = YES;
				CLANG_WARN_BOOL_CONVERSION = YES;
				CLANG_WARN_COMMA = YES;
				CLANG_WARN_CONSTANT_CONVERSION = YES;
				CLANG_WARN_DEPRECATED_OBJC_IMPLEMENTATIONS = YES;
				CLANG_WARN_DIRECT_OBJC_ISA_USAGE = YES_ERROR;
				CLANG_WARN_DOCUMENTATION_COMMENTS = YES;
				CLANG_WARN_EMPTY_BODY = YES;
				CLANG_WARN_ENUM_CONVERSION = YES;
				CLANG_WARN_INFINITE_RECURSION = YES;
				CLANG_WARN_INT_CONVERSION = YES;
				CLANG_WARN_NON_LITERAL_NULL_CONVERSION = YES;
				CLANG_WARN_OBJC_IMPLICIT_RETAIN_SELF = YES;
				CLANG_WARN_OBJC_LITERAL_CONVERSION = YES;
				CLANG_WARN_OBJC_ROOT_CLASS = YES_ERROR;
				CLANG_WARN_QUOTED_INCLUDE_IN_FRAMEWORK_HEADER = YES;
				CLANG_WARN_RANGE_LOOP_ANALYSIS = YES;
				CLANG_WARN_STRICT_PROTOTYPES = YES;
				CLANG_WARN_SUSPICIOUS_MOVE = YES;
				CLANG_WARN_UNGUARDED_AVAILABILITY = YES_AGGRESSIVE;
				CLANG_WARN_UNREACHABLE_CODE = YES;
				CLANG_WARN__DUPLICATE_METHOD_MATCH = YES;
				COPY_PHASE_STRIP = NO;
				DEBUG_INFORMATION_FORMAT = "dwarf-with-dsym";
				ENABLE_NS_ASSERTIONS = NO;
				ENABLE_STRICT_OBJC_MSGSEND = YES;
				GCC_C_LANGUAGE_STANDARD = gnu11;
				GCC_NO_COMMON_BLOCKS = YES;
				GCC_WARN_64_TO_32_BIT_CONVERSION = YES;
				GCC_WARN_ABOUT_RETURN_TYPE = YES_ERROR;
				GCC_WARN_UNDECLARED_SELECTOR = YES;
				GCC_WARN_UNINITIALIZED_AUTOS = YES_AGGRESSIVE;
				GCC_WARN_UNUSED_FUNCTION = YES;
				GCC_WARN_UNUSED_VARIABLE = YES;
				IPHONEOS_DEPLOYMENT_TARGET = 16.0;
				MTL_ENABLE_DEBUG_INFO = NO;
				MTL_FAST_MATH = YES;
				SDKROOT = iphoneos;
				SWIFT_COMPILATION_MODE = wholemodule;
				SWIFT_OPTIMIZATION_LEVEL = "-O";
				VALIDATE_PRODUCT = YES;
			};
			name = Release;
		};
		13F315EA29D7890D003770BD /* Debug */ = {
			isa = XCBuildConfiguration;
			buildSettings = {
				ASSETCATALOG_COMPILER_APPICON_NAME = AppIcon;
				ASSETCATALOG_COMPILER_GLOBAL_ACCENT_COLOR_NAME = AccentColor;
				CODE_SIGN_STYLE = Automatic;
				CURRENT_PROJECT_VERSION = 1;
				DEVELOPMENT_ASSET_PATHS = "\"CSTV/Preview Content\"";
				ENABLE_PREVIEWS = YES;
				GENERATE_INFOPLIST_FILE = YES;
				INFOPLIST_FILE = CSTV/Info.plist;
				INFOPLIST_KEY_UIApplicationSceneManifest_Generation = YES;
				INFOPLIST_KEY_UIApplicationSupportsIndirectInputEvents = YES;
				INFOPLIST_KEY_UISupportedInterfaceOrientations_iPad = "UIInterfaceOrientationPortrait UIInterfaceOrientationPortraitUpsideDown UIInterfaceOrientationLandscapeLeft UIInterfaceOrientationLandscapeRight";
				INFOPLIST_KEY_UISupportedInterfaceOrientations_iPhone = "UIInterfaceOrientationPortrait UIInterfaceOrientationLandscapeLeft UIInterfaceOrientationLandscapeRight";
				LD_RUNPATH_SEARCH_PATHS = (
					"$(inherited)",
					"@executable_path/Frameworks",
				);
				MARKETING_VERSION = 1.0;
				PRODUCT_BUNDLE_IDENTIFIER = com.victordti.CSTV;
				PRODUCT_NAME = "$(TARGET_NAME)";
				SWIFT_EMIT_LOC_STRINGS = YES;
				SWIFT_VERSION = 5.0;
				TARGETED_DEVICE_FAMILY = "1,2";
			};
			name = Debug;
		};
		13F315EB29D7890D003770BD /* Release */ = {
			isa = XCBuildConfiguration;
			buildSettings = {
				ASSETCATALOG_COMPILER_APPICON_NAME = AppIcon;
				ASSETCATALOG_COMPILER_GLOBAL_ACCENT_COLOR_NAME = AccentColor;
				CODE_SIGN_STYLE = Automatic;
				CURRENT_PROJECT_VERSION = 1;
				DEVELOPMENT_ASSET_PATHS = "\"CSTV/Preview Content\"";
				ENABLE_PREVIEWS = YES;
				GENERATE_INFOPLIST_FILE = YES;
				INFOPLIST_FILE = CSTV/Info.plist;
				INFOPLIST_KEY_UIApplicationSceneManifest_Generation = YES;
				INFOPLIST_KEY_UIApplicationSupportsIndirectInputEvents = YES;
				INFOPLIST_KEY_UISupportedInterfaceOrientations_iPad = "UIInterfaceOrientationPortrait UIInterfaceOrientationPortraitUpsideDown UIInterfaceOrientationLandscapeLeft UIInterfaceOrientationLandscapeRight";
				INFOPLIST_KEY_UISupportedInterfaceOrientations_iPhone = "UIInterfaceOrientationPortrait UIInterfaceOrientationLandscapeLeft UIInterfaceOrientationLandscapeRight";
				LD_RUNPATH_SEARCH_PATHS = (
					"$(inherited)",
					"@executable_path/Frameworks",
				);
				MARKETING_VERSION = 1.0;
				PRODUCT_BUNDLE_IDENTIFIER = com.victordti.CSTV;
				PRODUCT_NAME = "$(TARGET_NAME)";
				SWIFT_EMIT_LOC_STRINGS = YES;
				SWIFT_VERSION = 5.0;
				TARGETED_DEVICE_FAMILY = "1,2";
			};
			name = Release;
		};
/* End XCBuildConfiguration section */

/* Begin XCConfigurationList section */
		13F315D629D78907003770BD /* Build configuration list for PBXProject "CSTV" */ = {
			isa = XCConfigurationList;
			buildConfigurations = (
				13F315E729D7890D003770BD /* Debug */,
				13F315E829D7890D003770BD /* Release */,
			);
			defaultConfigurationIsVisible = 0;
			defaultConfigurationName = Release;
		};
		13F315E929D7890D003770BD /* Build configuration list for PBXNativeTarget "CSTV" */ = {
			isa = XCConfigurationList;
			buildConfigurations = (
				13F315EA29D7890D003770BD /* Debug */,
				13F315EB29D7890D003770BD /* Release */,
			);
			defaultConfigurationIsVisible = 0;
			defaultConfigurationName = Release;
		};
/* End XCConfigurationList section */
	};
	rootObject = 13F315D329D78907003770BD /* Project object */;
}
